
Microsoft Visual Studio Solution File, Format Version 12.00
# Visual Studio Version 16
VisualStudioVersion = 16.0.30717.126
MinimumVisualStudioVersion = 10.0.40219.1
Project("{9A19103F-16F7-4668-BE54-9A1E7A4F7556}") = "PerformanceEvaluationPlatform", "PerformanceEvaluationPlatform\PerformanceEvaluationPlatform.csproj", "{602A2983-DDD0-4FE4-9997-72CDFE903BB0}"
EndProject
Project("{9A19103F-16F7-4668-BE54-9A1E7A4F7556}") = "PerformanceEvaluationPlatform.Tests.Integration", "PerformanceEvaluationPlatform.Tests.Integration\PerformanceEvaluationPlatform.Tests.Integration.csproj", "{6037A0B5-8156-463E-8E2C-F0BAD034F851}"
EndProject
Project("{00D1A9C2-B5F0-4AF3-8072-F6C62B433612}") = "PerformanceEvaluationPlatform.Database", "PerformanceEvaluationPlatform.Database\PerformanceEvaluationPlatform.Database.sqlproj", "{0FED2668-E599-446F-97ED-89668CC867B9}"
EndProject
Project("{9A19103F-16F7-4668-BE54-9A1E7A4F7556}") = "PerformanceEvaluationPlatform.DAL", "PerformanceEvaluationPlatform.DAL\PerformanceEvaluationPlatform.DAL.csproj", "{8248AD11-D262-443B-A163-45A41F47F866}"
EndProject
Project("{9A19103F-16F7-4668-BE54-9A1E7A4F7556}") = "PerformanceEvaluationPlatform.Domain", "PerformanceEvaluationPlatform.Domain\PerformanceEvaluationPlatform.Domain.csproj", "{474A682B-DFEC-49B2-928D-4050A8E89469}"
EndProject
Project("{9A19103F-16F7-4668-BE54-9A1E7A4F7556}") = "PerformanceEvaluationPlatform.Application", "PerformanceEvaluationPlatform.Application\PerformanceEvaluationPlatform.Application.csproj", "{85593CE4-1AF8-4564-9E9D-BD79A7DC18A9}"
EndProject
Project("{9A19103F-16F7-4668-BE54-9A1E7A4F7556}") = "PerformanceEvaluationPlatform.Persistence", "PerformanceEvaluationPlatform.Persistence\PerformanceEvaluationPlatform.Persistence.csproj", "{FF04E683-7058-44A4-8A4B-957C8B4AA62F}"
EndProject
Project("{FAE04EC0-301F-11D3-BF4B-00C04F79EFBC}") = "PerformanceEvaluationPlatform.Application.Tests.Unit", "PerformanceEvaluationPlatform.Application.Tests.Unit\PerformanceEvaluationPlatform.Application.Tests.Unit.csproj", "{08AC145B-2626-4C98-9EBE-362E9CB45305}"
EndProject
Project("{FAE04EC0-301F-11D3-BF4B-00C04F79EFBC}") = "PerformanceEvaluationPlatform.Tests.TestSupport", "PerformanceEvaluationPlatform.Tests.TestSupport\PerformanceEvaluationPlatform.Tests.TestSupport.csproj", "{2D123526-6BB6-41C4-A03E-060E3B408EDB}"
EndProject
Project("{FAE04EC0-301F-11D3-BF4B-00C04F79EFBC}") = "PerformanceEvaluationPlatform.Infrastructure", "PerformanceEvaluationPlatform.Infrastructure\PerformanceEvaluationPlatform.Infrastructure.csproj", "{3EF01B25-8A67-4CDC-9C55-21A0FAE39130}"
EndProject
Global
	GlobalSection(SolutionConfigurationPlatforms) = preSolution
		Debug|Any CPU = Debug|Any CPU
		Release|Any CPU = Release|Any CPU
	EndGlobalSection
	GlobalSection(ProjectConfigurationPlatforms) = postSolution
		{602A2983-DDD0-4FE4-9997-72CDFE903BB0}.Debug|Any CPU.ActiveCfg = Debug|Any CPU
		{602A2983-DDD0-4FE4-9997-72CDFE903BB0}.Debug|Any CPU.Build.0 = Debug|Any CPU
		{602A2983-DDD0-4FE4-9997-72CDFE903BB0}.Release|Any CPU.ActiveCfg = Release|Any CPU
		{602A2983-DDD0-4FE4-9997-72CDFE903BB0}.Release|Any CPU.Build.0 = Release|Any CPU
		{6037A0B5-8156-463E-8E2C-F0BAD034F851}.Debug|Any CPU.ActiveCfg = Debug|Any CPU
		{6037A0B5-8156-463E-8E2C-F0BAD034F851}.Debug|Any CPU.Build.0 = Debug|Any CPU
		{6037A0B5-8156-463E-8E2C-F0BAD034F851}.Release|Any CPU.ActiveCfg = Release|Any CPU
		{6037A0B5-8156-463E-8E2C-F0BAD034F851}.Release|Any CPU.Build.0 = Release|Any CPU
		{0FED2668-E599-446F-97ED-89668CC867B9}.Debug|Any CPU.ActiveCfg = Debug|Any CPU
		{0FED2668-E599-446F-97ED-89668CC867B9}.Debug|Any CPU.Build.0 = Debug|Any CPU
		{0FED2668-E599-446F-97ED-89668CC867B9}.Debug|Any CPU.Deploy.0 = Debug|Any CPU
		{0FED2668-E599-446F-97ED-89668CC867B9}.Release|Any CPU.ActiveCfg = Release|Any CPU
		{0FED2668-E599-446F-97ED-89668CC867B9}.Release|Any CPU.Build.0 = Release|Any CPU
		{0FED2668-E599-446F-97ED-89668CC867B9}.Release|Any CPU.Deploy.0 = Release|Any CPU
		{8248AD11-D262-443B-A163-45A41F47F866}.Debug|Any CPU.ActiveCfg = Debug|Any CPU
		{8248AD11-D262-443B-A163-45A41F47F866}.Debug|Any CPU.Build.0 = Debug|Any CPU
		{8248AD11-D262-443B-A163-45A41F47F866}.Release|Any CPU.ActiveCfg = Release|Any CPU
		{8248AD11-D262-443B-A163-45A41F47F866}.Release|Any CPU.Build.0 = Release|Any CPU
		{474A682B-DFEC-49B2-928D-4050A8E89469}.Debug|Any CPU.ActiveCfg = Debug|Any CPU
		{474A682B-DFEC-49B2-928D-4050A8E89469}.Debug|Any CPU.Build.0 = Debug|Any CPU
		{474A682B-DFEC-49B2-928D-4050A8E89469}.Release|Any CPU.ActiveCfg = Release|Any CPU
		{474A682B-DFEC-49B2-928D-4050A8E89469}.Release|Any CPU.Build.0 = Release|Any CPU
		{85593CE4-1AF8-4564-9E9D-BD79A7DC18A9}.Debug|Any CPU.ActiveCfg = Debug|Any CPU
		{85593CE4-1AF8-4564-9E9D-BD79A7DC18A9}.Debug|Any CPU.Build.0 = Debug|Any CPU
		{85593CE4-1AF8-4564-9E9D-BD79A7DC18A9}.Release|Any CPU.ActiveCfg = Release|Any CPU
		{85593CE4-1AF8-4564-9E9D-BD79A7DC18A9}.Release|Any CPU.Build.0 = Release|Any CPU
		{FF04E683-7058-44A4-8A4B-957C8B4AA62F}.Debug|Any CPU.ActiveCfg = Debug|Any CPU
		{FF04E683-7058-44A4-8A4B-957C8B4AA62F}.Debug|Any CPU.Build.0 = Debug|Any CPU
		{FF04E683-7058-44A4-8A4B-957C8B4AA62F}.Release|Any CPU.ActiveCfg = Release|Any CPU
		{FF04E683-7058-44A4-8A4B-957C8B4AA62F}.Release|Any CPU.Build.0 = Release|Any CPU
		{08AC145B-2626-4C98-9EBE-362E9CB45305}.Debug|Any CPU.ActiveCfg = Debug|Any CPU
		{08AC145B-2626-4C98-9EBE-362E9CB45305}.Debug|Any CPU.Build.0 = Debug|Any CPU
		{08AC145B-2626-4C98-9EBE-362E9CB45305}.Release|Any CPU.ActiveCfg = Release|Any CPU
		{08AC145B-2626-4C98-9EBE-362E9CB45305}.Release|Any CPU.Build.0 = Release|Any CPU
		{2D123526-6BB6-41C4-A03E-060E3B408EDB}.Debug|Any CPU.ActiveCfg = Debug|Any CPU
		{2D123526-6BB6-41C4-A03E-060E3B408EDB}.Debug|Any CPU.Build.0 = Debug|Any CPU
		{2D123526-6BB6-41C4-A03E-060E3B408EDB}.Release|Any CPU.ActiveCfg = Release|Any CPU
		{2D123526-6BB6-41C4-A03E-060E3B408EDB}.Release|Any CPU.Build.0 = Release|Any CPU
		{3EF01B25-8A67-4CDC-9C55-21A0FAE39130}.Debug|Any CPU.ActiveCfg = Debug|Any CPU
		{3EF01B25-8A67-4CDC-9C55-21A0FAE39130}.Debug|Any CPU.Build.0 = Debug|Any CPU
		{3EF01B25-8A67-4CDC-9C55-21A0FAE39130}.Release|Any CPU.ActiveCfg = Release|Any CPU
		{3EF01B25-8A67-4CDC-9C55-21A0FAE39130}.Release|Any CPU.Build.0 = Release|Any CPU
	EndGlobalSection
	GlobalSection(SolutionProperties) = preSolution
		HideSolutionNode = FALSE
	EndGlobalSection
	GlobalSection(ExtensibilityGlobals) = postSolution
		SolutionGuid = {912D46FC-4C83-4424-B29D-EAEFDB4CA1F8}
	EndGlobalSection
EndGlobal
